
Microsoft Visual Studio Solution File, Format Version 12.00
# Visual Studio 15
VisualStudioVersion = 15.0.26724.1
MinimumVisualStudioVersion = 10.0.40219.1
Project("{FAE04EC0-301F-11D3-BF4B-00C04F79EFBC}") = "CHEJ_App002.Android", "CHEJ_App002\CHEJ_App002.Android\CHEJ_App002.Android.csproj", "{FBC85C7A-70D6-4385-8626-01E1CF09B3A0}"
EndProject
Project("{FAE04EC0-301F-11D3-BF4B-00C04F79EFBC}") = "CHEJ_App002", "CHEJ_App002\CHEJ_App002\CHEJ_App002.csproj", "{15E71029-8D99-4FC2-939C-6CD15A23BA76}"
EndProject
Project("{FAE04EC0-301F-11D3-BF4B-00C04F79EFBC}") = "CHEJ_App002.UWP", "CHEJ_App002\CHEJ_App002.UWP\CHEJ_App002.UWP.csproj", "{D1791A30-7260-4B73-A902-F4F3D3551F95}"
EndProject
Project("{FAE04EC0-301F-11D3-BF4B-00C04F79EFBC}") = "CHEJ_App002.iOS", "CHEJ_App002\CHEJ_App002.iOS\CHEJ_App002.iOS.csproj", "{3FB0BEEB-8241-49C5-8BC9-F787AFA7871D}"
EndProject
Global
	GlobalSection(SolutionConfigurationPlatforms) = preSolution
		Ad-Hoc|Any CPU = Ad-Hoc|Any CPU
		Ad-Hoc|ARM = Ad-Hoc|ARM
		Ad-Hoc|iPhone = Ad-Hoc|iPhone
		Ad-Hoc|iPhoneSimulator = Ad-Hoc|iPhoneSimulator
		Ad-Hoc|x64 = Ad-Hoc|x64
		Ad-Hoc|x86 = Ad-Hoc|x86
		AppStore|Any CPU = AppStore|Any CPU
		AppStore|ARM = AppStore|ARM
		AppStore|iPhone = AppStore|iPhone
		AppStore|iPhoneSimulator = AppStore|iPhoneSimulator
		AppStore|x64 = AppStore|x64
		AppStore|x86 = AppStore|x86
		Debug|Any CPU = Debug|Any CPU
		Debug|ARM = Debug|ARM
		Debug|iPhone = Debug|iPhone
		Debug|iPhoneSimulator = Debug|iPhoneSimulator
		Debug|x64 = Debug|x64
		Debug|x86 = Debug|x86
		Release|Any CPU = Release|Any CPU
		Release|ARM = Release|ARM
		Release|iPhone = Release|iPhone
		Release|iPhoneSimulator = Release|iPhoneSimulator
		Release|x64 = Release|x64
		Release|x86 = Release|x86
	EndGlobalSection
	GlobalSection(ProjectConfigurationPlatforms) = postSolution
		{FBC85C7A-70D6-4385-8626-01E1CF09B3A0}.Ad-Hoc|Any CPU.ActiveCfg = Release|Any CPU
		{FBC85C7A-70D6-4385-8626-01E1CF09B3A0}.Ad-Hoc|Any CPU.Build.0 = Release|Any CPU
		{FBC85C7A-70D6-4385-8626-01E1CF09B3A0}.Ad-Hoc|Any CPU.Deploy.0 = Release|Any CPU
		{FBC85C7A-70D6-4385-8626-01E1CF09B3A0}.Ad-Hoc|ARM.ActiveCfg = Release|Any CPU
		{FBC85C7A-70D6-4385-8626-01E1CF09B3A0}.Ad-Hoc|ARM.Build.0 = Release|Any CPU
		{FBC85C7A-70D6-4385-8626-01E1CF09B3A0}.Ad-Hoc|ARM.Deploy.0 = Release|Any CPU
		{FBC85C7A-70D6-4385-8626-01E1CF09B3A0}.Ad-Hoc|iPhone.ActiveCfg = Release|Any CPU
		{FBC85C7A-70D6-4385-8626-01E1CF09B3A0}.Ad-Hoc|iPhone.Build.0 = Release|Any CPU
		{FBC85C7A-70D6-4385-8626-01E1CF09B3A0}.Ad-Hoc|iPhone.Deploy.0 = Release|Any CPU
		{FBC85C7A-70D6-4385-8626-01E1CF09B3A0}.Ad-Hoc|iPhoneSimulator.ActiveCfg = Release|Any CPU
		{FBC85C7A-70D6-4385-8626-01E1CF09B3A0}.Ad-Hoc|iPhoneSimulator.Build.0 = Release|Any CPU
		{FBC85C7A-70D6-4385-8626-01E1CF09B3A0}.Ad-Hoc|iPhoneSimulator.Deploy.0 = Release|Any CPU
		{FBC85C7A-70D6-4385-8626-01E1CF09B3A0}.Ad-Hoc|x64.ActiveCfg = Release|Any CPU
		{FBC85C7A-70D6-4385-8626-01E1CF09B3A0}.Ad-Hoc|x64.Build.0 = Release|Any CPU
		{FBC85C7A-70D6-4385-8626-01E1CF09B3A0}.Ad-Hoc|x64.Deploy.0 = Release|Any CPU
		{FBC85C7A-70D6-4385-8626-01E1CF09B3A0}.Ad-Hoc|x86.ActiveCfg = Release|Any CPU
		{FBC85C7A-70D6-4385-8626-01E1CF09B3A0}.Ad-Hoc|x86.Build.0 = Release|Any CPU
		{FBC85C7A-70D6-4385-8626-01E1CF09B3A0}.Ad-Hoc|x86.Deploy.0 = Release|Any CPU
		{FBC85C7A-70D6-4385-8626-01E1CF09B3A0}.AppStore|Any CPU.ActiveCfg = Release|Any CPU
		{FBC85C7A-70D6-4385-8626-01E1CF09B3A0}.AppStore|Any CPU.Build.0 = Release|Any CPU
		{FBC85C7A-70D6-4385-8626-01E1CF09B3A0}.AppStore|Any CPU.Deploy.0 = Release|Any CPU
		{FBC85C7A-70D6-4385-8626-01E1CF09B3A0}.AppStore|ARM.ActiveCfg = Release|Any CPU
		{FBC85C7A-70D6-4385-8626-01E1CF09B3A0}.AppStore|ARM.Build.0 = Release|Any CPU
		{FBC85C7A-70D6-4385-8626-01E1CF09B3A0}.AppStore|ARM.Deploy.0 = Release|Any CPU
		{FBC85C7A-70D6-4385-8626-01E1CF09B3A0}.AppStore|iPhone.ActiveCfg = Release|Any CPU
		{FBC85C7A-70D6-4385-8626-01E1CF09B3A0}.AppStore|iPhone.Build.0 = Release|Any CPU
		{FBC85C7A-70D6-4385-8626-01E1CF09B3A0}.AppStore|iPhone.Deploy.0 = Release|Any CPU
		{FBC85C7A-70D6-4385-8626-01E1CF09B3A0}.AppStore|iPhoneSimulator.ActiveCfg = Release|Any CPU
		{FBC85C7A-70D6-4385-8626-01E1CF09B3A0}.AppStore|iPhoneSimulator.Build.0 = Release|Any CPU
		{FBC85C7A-70D6-4385-8626-01E1CF09B3A0}.AppStore|iPhoneSimulator.Deploy.0 = Release|Any CPU
		{FBC85C7A-70D6-4385-8626-01E1CF09B3A0}.AppStore|x64.ActiveCfg = Release|Any CPU
		{FBC85C7A-70D6-4385-8626-01E1CF09B3A0}.AppStore|x64.Build.0 = Release|Any CPU
		{FBC85C7A-70D6-4385-8626-01E1CF09B3A0}.AppStore|x64.Deploy.0 = Release|Any CPU
		{FBC85C7A-70D6-4385-8626-01E1CF09B3A0}.AppStore|x86.ActiveCfg = Release|Any CPU
		{FBC85C7A-70D6-4385-8626-01E1CF09B3A0}.AppStore|x86.Build.0 = Release|Any CPU
		{FBC85C7A-70D6-4385-8626-01E1CF09B3A0}.AppStore|x86.Deploy.0 = Release|Any CPU
		{FBC85C7A-70D6-4385-8626-01E1CF09B3A0}.Debug|Any CPU.ActiveCfg = Debug|Any CPU
		{FBC85C7A-70D6-4385-8626-01E1CF09B3A0}.Debug|Any CPU.Build.0 = Debug|Any CPU
		{FBC85C7A-70D6-4385-8626-01E1CF09B3A0}.Debug|Any CPU.Deploy.0 = Debug|Any CPU
		{FBC85C7A-70D6-4385-8626-01E1CF09B3A0}.Debug|ARM.ActiveCfg = Debug|Any CPU
		{FBC85C7A-70D6-4385-8626-01E1CF09B3A0}.Debug|ARM.Build.0 = Debug|Any CPU
		{FBC85C7A-70D6-4385-8626-01E1CF09B3A0}.Debug|ARM.Deploy.0 = Debug|Any CPU
		{FBC85C7A-70D6-4385-8626-01E1CF09B3A0}.Debug|iPhone.ActiveCfg = Debug|Any CPU
		{FBC85C7A-70D6-4385-8626-01E1CF09B3A0}.Debug|iPhone.Build.0 = Debug|Any CPU
		{FBC85C7A-70D6-4385-8626-01E1CF09B3A0}.Debug|iPhone.Deploy.0 = Debug|Any CPU
		{FBC85C7A-70D6-4385-8626-01E1CF09B3A0}.Debug|iPhoneSimulator.ActiveCfg = Debug|Any CPU
		{FBC85C7A-70D6-4385-8626-01E1CF09B3A0}.Debug|iPhoneSimulator.Build.0 = Debug|Any CPU
		{FBC85C7A-70D6-4385-8626-01E1CF09B3A0}.Debug|iPhoneSimulator.Deploy.0 = Debug|Any CPU
		{FBC85C7A-70D6-4385-8626-01E1CF09B3A0}.Debug|x64.ActiveCfg = Debug|Any CPU
		{FBC85C7A-70D6-4385-8626-01E1CF09B3A0}.Debug|x64.Build.0 = Debug|Any CPU
		{FBC85C7A-70D6-4385-8626-01E1CF09B3A0}.Debug|x64.Deploy.0 = Debug|Any CPU
		{FBC85C7A-70D6-4385-8626-01E1CF09B3A0}.Debug|x86.ActiveCfg = Debug|Any CPU
		{FBC85C7A-70D6-4385-8626-01E1CF09B3A0}.Debug|x86.Build.0 = Debug|Any CPU
		{FBC85C7A-70D6-4385-8626-01E1CF09B3A0}.Debug|x86.Deploy.0 = Debug|Any CPU
		{FBC85C7A-70D6-4385-8626-01E1CF09B3A0}.Release|Any CPU.ActiveCfg = Release|Any CPU
		{FBC85C7A-70D6-4385-8626-01E1CF09B3A0}.Release|Any CPU.Build.0 = Release|Any CPU
		{FBC85C7A-70D6-4385-8626-01E1CF09B3A0}.Release|Any CPU.Deploy.0 = Release|Any CPU
		{FBC85C7A-70D6-4385-8626-01E1CF09B3A0}.Release|ARM.ActiveCfg = Release|Any CPU
		{FBC85C7A-70D6-4385-8626-01E1CF09B3A0}.Release|ARM.Build.0 = Release|Any CPU
		{FBC85C7A-70D6-4385-8626-01E1CF09B3A0}.Release|ARM.Deploy.0 = Release|Any CPU
		{FBC85C7A-70D6-4385-8626-01E1CF09B3A0}.Release|iPhone.ActiveCfg = Release|Any CPU
		{FBC85C7A-70D6-4385-8626-01E1CF09B3A0}.Release|iPhone.Build.0 = Release|Any CPU
		{FBC85C7A-70D6-4385-8626-01E1CF09B3A0}.Release|iPhone.Deploy.0 = Release|Any CPU
		{FBC85C7A-70D6-4385-8626-01E1CF09B3A0}.Release|iPhoneSimulator.ActiveCfg = Release|Any CPU
		{FBC85C7A-70D6-4385-8626-01E1CF09B3A0}.Release|iPhoneSimulator.Build.0 = Release|Any CPU
		{FBC85C7A-70D6-4385-8626-01E1CF09B3A0}.Release|iPhoneSimulator.Deploy.0 = Release|Any CPU
		{FBC85C7A-70D6-4385-8626-01E1CF09B3A0}.Release|x64.ActiveCfg = Release|Any CPU
		{FBC85C7A-70D6-4385-8626-01E1CF09B3A0}.Release|x64.Build.0 = Release|Any CPU
		{FBC85C7A-70D6-4385-8626-01E1CF09B3A0}.Release|x64.Deploy.0 = Release|Any CPU
		{FBC85C7A-70D6-4385-8626-01E1CF09B3A0}.Release|x86.ActiveCfg = Release|Any CPU
		{FBC85C7A-70D6-4385-8626-01E1CF09B3A0}.Release|x86.Build.0 = Release|Any CPU
		{FBC85C7A-70D6-4385-8626-01E1CF09B3A0}.Release|x86.Deploy.0 = Release|Any CPU
		{15E71029-8D99-4FC2-939C-6CD15A23BA76}.Ad-Hoc|Any CPU.ActiveCfg = Release|Any CPU
		{15E71029-8D99-4FC2-939C-6CD15A23BA76}.Ad-Hoc|Any CPU.Build.0 = Release|Any CPU
		{15E71029-8D99-4FC2-939C-6CD15A23BA76}.Ad-Hoc|ARM.ActiveCfg = Release|Any CPU
		{15E71029-8D99-4FC2-939C-6CD15A23BA76}.Ad-Hoc|ARM.Build.0 = Release|Any CPU
		{15E71029-8D99-4FC2-939C-6CD15A23BA76}.Ad-Hoc|iPhone.ActiveCfg = Release|Any CPU
		{15E71029-8D99-4FC2-939C-6CD15A23BA76}.Ad-Hoc|iPhone.Build.0 = Release|Any CPU
		{15E71029-8D99-4FC2-939C-6CD15A23BA76}.Ad-Hoc|iPhoneSimulator.ActiveCfg = Release|Any CPU
		{15E71029-8D99-4FC2-939C-6CD15A23BA76}.Ad-Hoc|iPhoneSimulator.Build.0 = Release|Any CPU
		{15E71029-8D99-4FC2-939C-6CD15A23BA76}.Ad-Hoc|x64.ActiveCfg = Release|Any CPU
		{15E71029-8D99-4FC2-939C-6CD15A23BA76}.Ad-Hoc|x64.Build.0 = Release|Any CPU
		{15E71029-8D99-4FC2-939C-6CD15A23BA76}.Ad-Hoc|x86.ActiveCfg = Release|Any CPU
		{15E71029-8D99-4FC2-939C-6CD15A23BA76}.Ad-Hoc|x86.Build.0 = Release|Any CPU
		{15E71029-8D99-4FC2-939C-6CD15A23BA76}.AppStore|Any CPU.ActiveCfg = Release|Any CPU
		{15E71029-8D99-4FC2-939C-6CD15A23BA76}.AppStore|Any CPU.Build.0 = Release|Any CPU
		{15E71029-8D99-4FC2-939C-6CD15A23BA76}.AppStore|ARM.ActiveCfg = Release|Any CPU
		{15E71029-8D99-4FC2-939C-6CD15A23BA76}.AppStore|ARM.Build.0 = Release|Any CPU
		{15E71029-8D99-4FC2-939C-6CD15A23BA76}.AppStore|iPhone.ActiveCfg = Release|Any CPU
		{15E71029-8D99-4FC2-939C-6CD15A23BA76}.AppStore|iPhone.Build.0 = Release|Any CPU
		{15E71029-8D99-4FC2-939C-6CD15A23BA76}.AppStore|iPhoneSimulator.ActiveCfg = Release|Any CPU
		{15E71029-8D99-4FC2-939C-6CD15A23BA76}.AppStore|iPhoneSimulator.Build.0 = Release|Any CPU
		{15E71029-8D99-4FC2-939C-6CD15A23BA76}.AppStore|x64.ActiveCfg = Release|Any CPU
		{15E71029-8D99-4FC2-939C-6CD15A23BA76}.AppStore|x64.Build.0 = Release|Any CPU
		{15E71029-8D99-4FC2-939C-6CD15A23BA76}.AppStore|x86.ActiveCfg = Release|Any CPU
		{15E71029-8D99-4FC2-939C-6CD15A23BA76}.AppStore|x86.Build.0 = Release|Any CPU
		{15E71029-8D99-4FC2-939C-6CD15A23BA76}.Debug|Any CPU.ActiveCfg = Debug|Any CPU
		{15E71029-8D99-4FC2-939C-6CD15A23BA76}.Debug|Any CPU.Build.0 = Debug|Any CPU
		{15E71029-8D99-4FC2-939C-6CD15A23BA76}.Debug|ARM.ActiveCfg = Debug|Any CPU
		{15E71029-8D99-4FC2-939C-6CD15A23BA76}.Debug|ARM.Build.0 = Debug|Any CPU
		{15E71029-8D99-4FC2-939C-6CD15A23BA76}.Debug|iPhone.ActiveCfg = Debug|Any CPU
		{15E71029-8D99-4FC2-939C-6CD15A23BA76}.Debug|iPhone.Build.0 = Debug|Any CPU
		{15E71029-8D99-4FC2-939C-6CD15A23BA76}.Debug|iPhoneSimulator.ActiveCfg = Debug|Any CPU
		{15E71029-8D99-4FC2-939C-6CD15A23BA76}.Debug|iPhoneSimulator.Build.0 = Debug|Any CPU
		{15E71029-8D99-4FC2-939C-6CD15A23BA76}.Debug|x64.ActiveCfg = Debug|Any CPU
		{15E71029-8D99-4FC2-939C-6CD15A23BA76}.Debug|x64.Build.0 = Debug|Any CPU
		{15E71029-8D99-4FC2-939C-6CD15A23BA76}.Debug|x86.ActiveCfg = Debug|Any CPU
		{15E71029-8D99-4FC2-939C-6CD15A23BA76}.Debug|x86.Build.0 = Debug|Any CPU
		{15E71029-8D99-4FC2-939C-6CD15A23BA76}.Release|Any CPU.ActiveCfg = Release|Any CPU
		{15E71029-8D99-4FC2-939C-6CD15A23BA76}.Release|Any CPU.Build.0 = Release|Any CPU
		{15E71029-8D99-4FC2-939C-6CD15A23BA76}.Release|ARM.ActiveCfg = Release|Any CPU
		{15E71029-8D99-4FC2-939C-6CD15A23BA76}.Release|ARM.Build.0 = Release|Any CPU
		{15E71029-8D99-4FC2-939C-6CD15A23BA76}.Release|iPhone.ActiveCfg = Release|Any CPU
		{15E71029-8D99-4FC2-939C-6CD15A23BA76}.Release|iPhone.Build.0 = Release|Any CPU
		{15E71029-8D99-4FC2-939C-6CD15A23BA76}.Release|iPhoneSimulator.ActiveCfg = Release|Any CPU
		{15E71029-8D99-4FC2-939C-6CD15A23BA76}.Release|iPhoneSimulator.Build.0 = Release|Any CPU
		{15E71029-8D99-4FC2-939C-6CD15A23BA76}.Release|x64.ActiveCfg = Release|Any CPU
		{15E71029-8D99-4FC2-939C-6CD15A23BA76}.Release|x64.Build.0 = Release|Any CPU
		{15E71029-8D99-4FC2-939C-6CD15A23BA76}.Release|x86.ActiveCfg = Release|Any CPU
		{15E71029-8D99-4FC2-939C-6CD15A23BA76}.Release|x86.Build.0 = Release|Any CPU
		{D1791A30-7260-4B73-A902-F4F3D3551F95}.Ad-Hoc|Any CPU.ActiveCfg = Release|x86
		{D1791A30-7260-4B73-A902-F4F3D3551F95}.Ad-Hoc|Any CPU.Build.0 = Release|x86
		{D1791A30-7260-4B73-A902-F4F3D3551F95}.Ad-Hoc|Any CPU.Deploy.0 = Release|x86
		{D1791A30-7260-4B73-A902-F4F3D3551F95}.Ad-Hoc|ARM.ActiveCfg = Release|ARM
		{D1791A30-7260-4B73-A902-F4F3D3551F95}.Ad-Hoc|ARM.Build.0 = Release|ARM
		{D1791A30-7260-4B73-A902-F4F3D3551F95}.Ad-Hoc|ARM.Deploy.0 = Release|ARM
		{D1791A30-7260-4B73-A902-F4F3D3551F95}.Ad-Hoc|iPhone.ActiveCfg = Release|x86
		{D1791A30-7260-4B73-A902-F4F3D3551F95}.Ad-Hoc|iPhone.Build.0 = Release|x86
		{D1791A30-7260-4B73-A902-F4F3D3551F95}.Ad-Hoc|iPhone.Deploy.0 = Release|x86
		{D1791A30-7260-4B73-A902-F4F3D3551F95}.Ad-Hoc|iPhoneSimulator.ActiveCfg = Release|x86
		{D1791A30-7260-4B73-A902-F4F3D3551F95}.Ad-Hoc|iPhoneSimulator.Build.0 = Release|x86
		{D1791A30-7260-4B73-A902-F4F3D3551F95}.Ad-Hoc|iPhoneSimulator.Deploy.0 = Release|x86
		{D1791A30-7260-4B73-A902-F4F3D3551F95}.Ad-Hoc|x64.ActiveCfg = Release|x64
		{D1791A30-7260-4B73-A902-F4F3D3551F95}.Ad-Hoc|x64.Build.0 = Release|x64
		{D1791A30-7260-4B73-A902-F4F3D3551F95}.Ad-Hoc|x64.Deploy.0 = Release|x64
		{D1791A30-7260-4B73-A902-F4F3D3551F95}.Ad-Hoc|x86.ActiveCfg = Release|x86
		{D1791A30-7260-4B73-A902-F4F3D3551F95}.Ad-Hoc|x86.Build.0 = Release|x86
		{D1791A30-7260-4B73-A902-F4F3D3551F95}.Ad-Hoc|x86.Deploy.0 = Release|x86
		{D1791A30-7260-4B73-A902-F4F3D3551F95}.AppStore|Any CPU.ActiveCfg = Release|x86
		{D1791A30-7260-4B73-A902-F4F3D3551F95}.AppStore|Any CPU.Build.0 = Release|x86
		{D1791A30-7260-4B73-A902-F4F3D3551F95}.AppStore|Any CPU.Deploy.0 = Release|x86
		{D1791A30-7260-4B73-A902-F4F3D3551F95}.AppStore|ARM.ActiveCfg = Release|ARM
		{D1791A30-7260-4B73-A902-F4F3D3551F95}.AppStore|ARM.Build.0 = Release|ARM
		{D1791A30-7260-4B73-A902-F4F3D3551F95}.AppStore|ARM.Deploy.0 = Release|ARM
		{D1791A30-7260-4B73-A902-F4F3D3551F95}.AppStore|iPhone.ActiveCfg = Release|x86
		{D1791A30-7260-4B73-A902-F4F3D3551F95}.AppStore|iPhone.Build.0 = Release|x86
		{D1791A30-7260-4B73-A902-F4F3D3551F95}.AppStore|iPhone.Deploy.0 = Release|x86
		{D1791A30-7260-4B73-A902-F4F3D3551F95}.AppStore|iPhoneSimulator.ActiveCfg = Release|x86
		{D1791A30-7260-4B73-A902-F4F3D3551F95}.AppStore|iPhoneSimulator.Build.0 = Release|x86
		{D1791A30-7260-4B73-A902-F4F3D3551F95}.AppStore|iPhoneSimulator.Deploy.0 = Release|x86
		{D1791A30-7260-4B73-A902-F4F3D3551F95}.AppStore|x64.ActiveCfg = Release|x64
		{D1791A30-7260-4B73-A902-F4F3D3551F95}.AppStore|x64.Build.0 = Release|x64
		{D1791A30-7260-4B73-A902-F4F3D3551F95}.AppStore|x64.Deploy.0 = Release|x64
		{D1791A30-7260-4B73-A902-F4F3D3551F95}.AppStore|x86.ActiveCfg = Release|x86
		{D1791A30-7260-4B73-A902-F4F3D3551F95}.AppStore|x86.Build.0 = Release|x86
		{D1791A30-7260-4B73-A902-F4F3D3551F95}.AppStore|x86.Deploy.0 = Release|x86
		{D1791A30-7260-4B73-A902-F4F3D3551F95}.Debug|Any CPU.ActiveCfg = Debug|x86
		{D1791A30-7260-4B73-A902-F4F3D3551F95}.Debug|ARM.ActiveCfg = Debug|ARM
		{D1791A30-7260-4B73-A902-F4F3D3551F95}.Debug|ARM.Build.0 = Debug|ARM
		{D1791A30-7260-4B73-A902-F4F3D3551F95}.Debug|ARM.Deploy.0 = Debug|ARM
		{D1791A30-7260-4B73-A902-F4F3D3551F95}.Debug|iPhone.ActiveCfg = Debug|x86
		{D1791A30-7260-4B73-A902-F4F3D3551F95}.Debug|iPhoneSimulator.ActiveCfg = Debug|x86
		{D1791A30-7260-4B73-A902-F4F3D3551F95}.Debug|x64.ActiveCfg = Debug|x64
		{D1791A30-7260-4B73-A902-F4F3D3551F95}.Debug|x64.Build.0 = Debug|x64
		{D1791A30-7260-4B73-A902-F4F3D3551F95}.Debug|x64.Deploy.0 = Debug|x64
		{D1791A30-7260-4B73-A902-F4F3D3551F95}.Debug|x86.ActiveCfg = Debug|x86
		{D1791A30-7260-4B73-A902-F4F3D3551F95}.Debug|x86.Build.0 = Debug|x86
		{D1791A30-7260-4B73-A902-F4F3D3551F95}.Debug|x86.Deploy.0 = Debug|x86
		{D1791A30-7260-4B73-A902-F4F3D3551F95}.Release|Any CPU.ActiveCfg = Release|x86
		{D1791A30-7260-4B73-A902-F4F3D3551F95}.Release|ARM.ActiveCfg = Release|ARM
		{D1791A30-7260-4B73-A902-F4F3D3551F95}.Release|ARM.Build.0 = Release|ARM
		{D1791A30-7260-4B73-A902-F4F3D3551F95}.Release|ARM.Deploy.0 = Release|ARM
		{D1791A30-7260-4B73-A902-F4F3D3551F95}.Release|iPhone.ActiveCfg = Release|x86
		{D1791A30-7260-4B73-A902-F4F3D3551F95}.Release|iPhoneSimulator.ActiveCfg = Release|x86
		{D1791A30-7260-4B73-A902-F4F3D3551F95}.Release|x64.ActiveCfg = Release|x64
		{D1791A30-7260-4B73-A902-F4F3D3551F95}.Release|x64.Build.0 = Release|x64
		{D1791A30-7260-4B73-A902-F4F3D3551F95}.Release|x64.Deploy.0 = Release|x64
		{D1791A30-7260-4B73-A902-F4F3D3551F95}.Release|x86.ActiveCfg = Release|x86
		{D1791A30-7260-4B73-A902-F4F3D3551F95}.Release|x86.Build.0 = Release|x86
		{D1791A30-7260-4B73-A902-F4F3D3551F95}.Release|x86.Deploy.0 = Release|x86
		{3FB0BEEB-8241-49C5-8BC9-F787AFA7871D}.Ad-Hoc|Any CPU.ActiveCfg = Ad-Hoc|iPhoneSimulator
		{3FB0BEEB-8241-49C5-8BC9-F787AFA7871D}.Ad-Hoc|ARM.ActiveCfg = Ad-Hoc|iPhoneSimulator
		{3FB0BEEB-8241-49C5-8BC9-F787AFA7871D}.Ad-Hoc|iPhone.ActiveCfg = Ad-Hoc|iPhoneSimulator
		{3FB0BEEB-8241-49C5-8BC9-F787AFA7871D}.Ad-Hoc|iPhone.Build.0 = Ad-Hoc|iPhoneSimulator
		{3FB0BEEB-8241-49C5-8BC9-F787AFA7871D}.Ad-Hoc|iPhoneSimulator.ActiveCfg = Ad-Hoc|iPhoneSimulator
		{3FB0BEEB-8241-49C5-8BC9-F787AFA7871D}.Ad-Hoc|iPhoneSimulator.Build.0 = Ad-Hoc|iPhoneSimulator
		{3FB0BEEB-8241-49C5-8BC9-F787AFA7871D}.Ad-Hoc|x64.ActiveCfg = Ad-Hoc|iPhoneSimulator
		{3FB0BEEB-8241-49C5-8BC9-F787AFA7871D}.Ad-Hoc|x86.ActiveCfg = Ad-Hoc|iPhoneSimulator
		{3FB0BEEB-8241-49C5-8BC9-F787AFA7871D}.AppStore|Any CPU.ActiveCfg = AppStore|iPhoneSimulator
		{3FB0BEEB-8241-49C5-8BC9-F787AFA7871D}.AppStore|ARM.ActiveCfg = AppStore|iPhoneSimulator
		{3FB0BEEB-8241-49C5-8BC9-F787AFA7871D}.AppStore|iPhone.ActiveCfg = AppStore|iPhoneSimulator
		{3FB0BEEB-8241-49C5-8BC9-F787AFA7871D}.AppStore|iPhone.Build.0 = AppStore|iPhoneSimulator
		{3FB0BEEB-8241-49C5-8BC9-F787AFA7871D}.AppStore|iPhoneSimulator.ActiveCfg = AppStore|iPhoneSimulator
		{3FB0BEEB-8241-49C5-8BC9-F787AFA7871D}.AppStore|iPhoneSimulator.Build.0 = AppStore|iPhoneSimulator
		{3FB0BEEB-8241-49C5-8BC9-F787AFA7871D}.AppStore|x64.ActiveCfg = AppStore|iPhoneSimulator
		{3FB0BEEB-8241-49C5-8BC9-F787AFA7871D}.AppStore|x86.ActiveCfg = AppStore|iPhoneSimulator
		{3FB0BEEB-8241-49C5-8BC9-F787AFA7871D}.Debug|Any CPU.ActiveCfg = Debug|iPhoneSimulator
		{3FB0BEEB-8241-49C5-8BC9-F787AFA7871D}.Debug|ARM.ActiveCfg = Debug|iPhoneSimulator
		{3FB0BEEB-8241-49C5-8BC9-F787AFA7871D}.Debug|iPhone.ActiveCfg = Debug|iPhoneSimulator
		{3FB0BEEB-8241-49C5-8BC9-F787AFA7871D}.Debug|iPhone.Build.0 = Debug|iPhoneSimulator
		{3FB0BEEB-8241-49C5-8BC9-F787AFA7871D}.Debug|iPhoneSimulator.ActiveCfg = Debug|iPhoneSimulator
		{3FB0BEEB-8241-49C5-8BC9-F787AFA7871D}.Debug|iPhoneSimulator.Build.0 = Debug|iPhoneSimulator
		{3FB0BEEB-8241-49C5-8BC9-F787AFA7871D}.Debug|x64.ActiveCfg = Debug|iPhoneSimulator
		{3FB0BEEB-8241-49C5-8BC9-F787AFA7871D}.Debug|x86.ActiveCfg = Debug|iPhoneSimulator
		{3FB0BEEB-8241-49C5-8BC9-F787AFA7871D}.Release|Any CPU.ActiveCfg = Release|iPhoneSimulator
		{3FB0BEEB-8241-49C5-8BC9-F787AFA7871D}.Release|ARM.ActiveCfg = Release|iPhoneSimulator
		{3FB0BEEB-8241-49C5-8BC9-F787AFA7871D}.Release|iPhone.ActiveCfg = Release|iPhoneSimulator
		{3FB0BEEB-8241-49C5-8BC9-F787AFA7871D}.Release|iPhone.Build.0 = Release|iPhoneSimulator
		{3FB0BEEB-8241-49C5-8BC9-F787AFA7871D}.Release|iPhoneSimulator.ActiveCfg = Release|iPhoneSimulator
		{3FB0BEEB-8241-49C5-8BC9-F787AFA7871D}.Release|iPhoneSimulator.Build.0 = Release|iPhoneSimulator
		{3FB0BEEB-8241-49C5-8BC9-F787AFA7871D}.Release|x64.ActiveCfg = Release|iPhoneSimulator
		{3FB0BEEB-8241-49C5-8BC9-F787AFA7871D}.Release|x86.ActiveCfg = Release|iPhoneSimulator
	EndGlobalSection
	GlobalSection(SolutionProperties) = preSolution
		HideSolutionNode = FALSE
	EndGlobalSection
	GlobalSection(ExtensibilityGlobals) = postSolution
		SolutionGuid = {6E1D5C64-B475-49D5-9302-9CBD644AC692}
	EndGlobalSection
EndGlobal
